{
    "_meta": {
        "hash": {
            "sha256": "fc5ec10522c90334d1b5d3b2f1f45e0e4e83ad086c38447dbb6c2a73556cc356"
        },
        "pipfile-spec": 6,
        "requires": {
            "python_version": "2.7"
        },
        "sources": [
            {
                "name": "pypi",
                "url": "https://pypi.org/simple",
                "verify_ssl": true
            }
        ]
    },
    "default": {
        "futures": {
            "hashes": [
                "sha256:9ec02aa7d674acb8618afb127e27fde7fc68994c0437ad759fa094a574adb265",
                "sha256:ec0a6cb848cc212002b9828c3e34c675e0c9ff6741dc445cab6fdd4e1085d1f1"
            ],
            "index": "pypi",
            "version": "==3.2.0"
        },
        "six": {
            "hashes": [
                "sha256:70e8a77beed4562e7f14fe23a786b54f6296e34344c23bc42f07b15018ff98e9",
                "sha256:832dc0e10feb1aa2c68dcc57dbb658f1c7e65b9b61af69048abc87a2db00a0eb"
            ],
            "index": "pypi",
            "version": "==1.11.0"
        },
        "trollius": {
            "hashes": [
                "sha256:61423039690b23bbdeb1accb6e972c2687ef1443c7ad2f2190e43f2046fcba3c",
                "sha256:8e9134fe06336ef01ee6ca6260cf06e03bc379995bc34b043721e084c9612680",
                "sha256:ef7c403d94f8db8697ec7d6ff8eb637efeb3a9eb18ca4112b3d2a3189608c32c",
                "sha256:f73b1b98c6263c289d3a0529e9c2cec54a22d117b4b92140909285578c42b5bb"
            ],
            "index": "pypi",
            "version": "==2.2"
        }
    },
    "develop": {
        "atomicwrites": {
            "hashes": [
                "sha256:6d1784dea7c0c8d4a5172b6c620f40b6e4cbfdf96d783691f2e1302a7b88e197",
                "sha256:ae70396ad1a434f9c7046fd2dd196fc04b12f9e91ffb859164193be8b6168a7a"
            ],
            "version": "==1.4.0"
        },
        "attrs": {
            "hashes": [
                "sha256:31b2eced602aa8423c2aea9c76a724617ed67cf9513173fd3a4f03e3a929c7e6",
                "sha256:832aa3cde19744e49938b91fea06d69ecb9e649c93ba974535d08ad92164f700"
            ],
            "version": "==20.3.0"
        },
        "configparser": {
            "hashes": [
                "sha256:254c1d9c79f60c45dfde850850883d5aaa7f19a23f13561243a050d5a7c3fe4c",
                "sha256:c7d282687a5308319bf3d2e7706e575c635b0a470342641c93bea0ea3b5331df"
            ],
            "markers": "python_version < '3'",
            "version": "==4.0.2"
        },
        "contextlib2": {
            "hashes": [
                "sha256:01f490098c18b19d2bd5bb5dc445b2054d2fa97f09a4280ba2c5f3c394c8162e",
                "sha256:3355078a159fbb44ee60ea80abd0d87b80b78c248643b49aa6d94673b413609b"
            ],
            "markers": "python_version < '3'",
            "version": "==0.6.0.post1"
        },
        "funcsigs": {
            "hashes": [
                "sha256:330cc27ccbf7f1e992e69fef78261dc7c6569012cf397db8d3de0234e6c937ca",
                "sha256:a7bb0f2cf3a3fd1ab2732cb49eba4252c2af4240442415b4abce3b87022a8f50"
            ],
            "markers": "python_version < '3.0'",
            "version": "==1.0.2"
        },
        "importlib-metadata": {
            "hashes": [
                "sha256:b8de9eff2b35fb037368f28a7df1df4e6436f578fa74423505b6c6a778d5b5dd",
                "sha256:c2d6341ff566f609e89a2acb2db190e5e1d23d5409d6cc8d2fe34d72443876d4"
            ],
            "markers": "python_version < '3.8'",
            "version": "==2.1.1"
        },
        "more-itertools": {
            "hashes": [
                "sha256:38a936c0a6d98a38bcc2d03fdaaedaba9f412879461dd2ceff8d37564d6522e4",
                "sha256:c0a5785b1109a6bd7fac76d6837fd1feca158e54e521ccd2ae8bfe393cc9d4fc",
                "sha256:fe7a7cae1ccb57d33952113ff4fa1bc5f879963600ed74918f1236e212ee50b9"
            ],
            "version": "==5.0.0"
        },
        "pathlib2": {
            "hashes": [
                "sha256:0ec8205a157c80d7acc301c0b18fbd5d44fe655968f5d947b6ecef5290fc35db",
                "sha256:6cd9a47b597b37cc57de1c05e56fb1a1c9cc9fab04fe78c29acd090418529868"
            ],
            "markers": "python_version < '3'",
            "version": "==2.3.5"
        },
        "pluggy": {
            "hashes": [
                "sha256:15b2acde666561e1298d71b523007ed7364de07029219b604cf808bfa1c765b0",
                "sha256:966c145cd83c96502c3c3868f50408687b38434af77734af1e9ca461a4081d2d"
            ],
            "version": "==0.13.1"
        },
        "py": {
            "hashes": [
                "sha256:21b81bda15b66ef5e1a777a21c4dcd9c20ad3efd0b3f817e7a809035269e1bd3",
                "sha256:3b80836aa6d1feeaa108e046da6423ab8f6ceda6468545ae8d02d9d58d18818a"
            ],
            "index": "pypi",
            "version": "==1.10.0"
        },
        "pytest": {
            "hashes": [
                "sha256:7e258ee50338f4e46957f9e09a0f10fb1c2d05493fa901d113a8dafd0790de4e",
                "sha256:9332147e9af2dcf46cd7ceb14d5acadb6564744ddff1fe8c17f0ce60ece7d9a2"
            ],
            "index": "pypi",
            "version": "==3.8.2"
        },
        "scandir": {
            "hashes": [
                "sha256:2586c94e907d99617887daed6c1d102b5ca28f1085f90446554abf1faf73123e",
                "sha256:2ae41f43797ca0c11591c0c35f2f5875fa99f8797cb1a1fd440497ec0ae4b022",
                "sha256:2b8e3888b11abb2217a32af0766bc06b65cc4a928d8727828ee68af5a967fa6f",
                "sha256:2c712840c2e2ee8dfaf36034080108d30060d759c7b73a01a52251cc8989f11f",
                "sha256:4d4631f6062e658e9007ab3149a9b914f3548cb38bfb021c64f39a025ce578ae",
                "sha256:67f15b6f83e6507fdc6fca22fedf6ef8b334b399ca27c6b568cbfaa82a364173",
                "sha256:7d2d7a06a252764061a020407b997dd036f7bd6a175a5ba2b345f0a357f0b3f4",
                "sha256:8c5922863e44ffc00c5c693190648daa6d15e7c1207ed02d6f46a8dcc2869d32",
                "sha256:92c85ac42f41ffdc35b6da57ed991575bdbe69db895507af88b9f499b701c188",
                "sha256:b24086f2375c4a094a6b51e78b4cf7ca16c721dcee2eddd7aa6494b42d6d519d",
                "sha256:cb925555f43060a1745d0a321cca94bcea927c50114b623d73179189a4e100ac"
            ],
            "markers": "python_version < '3.5'",
            "version": "==1.10.0"
        },
        "six": {
            "hashes": [
                "sha256:70e8a77beed4562e7f14fe23a786b54f6296e34344c23bc42f07b15018ff98e9",
                "sha256:832dc0e10feb1aa2c68dcc57dbb658f1c7e65b9b61af69048abc87a2db00a0eb"
            ],
            "index": "pypi",
            "version": "==1.11.0"
        },
        "zipp": {
            "hashes": [
                "sha256:c70410551488251b0fee67b460fb9a536af8d6f9f008ad10ac51f615b6a521b1",
                "sha256:e0d9e63797e483a30d27e09fffd308c59a700d365ec34e93cc100844168bf921"
            ],
            "version": "==1.2.0"
        }
    }
}
